{
    "name": "sentinel-chat",
    "version": "0.0.1",
    "lockfileVersion": 3,
    "requires": true,
    "packages": {
        "": {
            "name": "sentinel-chat",
            "version": "0.0.1",
            "license": "MIT",
            "dependencies": {
                "sentinel-chat": "file:",
                "Sentinel-chat": "file:"
            }
        },
        "node_modules/Sentinel-chat": {
            "resolved": "",
            "link": true
        }
    }
}
